
Microsoft Visual Studio Solution File, Format Version 12.00
# Visual Studio 15
Project("{FAE04EC0-301F-11D3-BF4B-00C04F79EFBC}") = "calculeAge", "calculeAge\calculeAge.csproj", "{4622FBB2-7EB3-4828-B44A-33D90D7924C8}"
EndProject
Global
	GlobalSection(SolutionConfigurationPlatforms) = preSolution
		Debug|Any CPU = Debug|Any CPU
		Release|Any CPU = Release|Any CPU
	EndGlobalSection
	GlobalSection(ProjectConfigurationPlatforms) = postSolution
		{4622FBB2-7EB3-4828-B44A-33D90D7924C8}.Debug|Any CPU.ActiveCfg = Debug|Any CPU
		{4622FBB2-7EB3-4828-B44A-33D90D7924C8}.Debug|Any CPU.Build.0 = Debug|Any CPU
		{4622FBB2-7EB3-4828-B44A-33D90D7924C8}.Release|Any CPU.ActiveCfg = Release|Any CPU
		{4622FBB2-7EB3-4828-B44A-33D90D7924C8}.Release|Any CPU.Build.0 = Release|Any CPU
	EndGlobalSection
EndGlobal
